
Microsoft Visual Studio Solution File, Format Version 12.00
# Visual Studio Version 16
VisualStudioVersion = 16.0.29613.14
MinimumVisualStudioVersion = 10.0.40219.1
Project("{FAE04EC0-301F-11D3-BF4B-00C04F79EFBC}") = "Runner", "Runner\Runner.csproj", "{679AD8EB-BF1D-412E-B0A0-0B0E71CB78EA}"
EndProject
Project("{FAE04EC0-301F-11D3-BF4B-00C04F79EFBC}") = "TestBase", "TestBase\TestBase.csproj", "{7DE667B1-3498-4F5E-B008-F5E40ED18389}"
EndProject
Project("{FAE04EC0-301F-11D3-BF4B-00C04F79EFBC}") = "WingTest", "WingTest\WingTest.csproj", "{4F771307-B81D-429D-9E44-D22FFF0B9D8B}"
	ProjectSection(ProjectDependencies) = postProject
		{7DE667B1-3498-4F5E-B008-F5E40ED18389} = {7DE667B1-3498-4F5E-B008-F5E40ED18389}
	EndProjectSection
EndProject
Project("{FAE04EC0-301F-11D3-BF4B-00C04F79EFBC}") = "WheelTest", "WheelTest\WheelTest.csproj", "{0CF378C7-16EF-4FFD-A794-37D1EE6C0ECF}"
EndProject
Global
	GlobalSection(SolutionConfigurationPlatforms) = preSolution
		Debug|Any CPU = Debug|Any CPU
		Release|Any CPU = Release|Any CPU
	EndGlobalSection
	GlobalSection(ProjectConfigurationPlatforms) = postSolution
		{679AD8EB-BF1D-412E-B0A0-0B0E71CB78EA}.Debug|Any CPU.ActiveCfg = Debug|Any CPU
		{679AD8EB-BF1D-412E-B0A0-0B0E71CB78EA}.Debug|Any CPU.Build.0 = Debug|Any CPU
		{679AD8EB-BF1D-412E-B0A0-0B0E71CB78EA}.Release|Any CPU.ActiveCfg = Release|Any CPU
		{679AD8EB-BF1D-412E-B0A0-0B0E71CB78EA}.Release|Any CPU.Build.0 = Release|Any CPU
		{7DE667B1-3498-4F5E-B008-F5E40ED18389}.Debug|Any CPU.ActiveCfg = Debug|Any CPU
		{7DE667B1-3498-4F5E-B008-F5E40ED18389}.Debug|Any CPU.Build.0 = Debug|Any CPU
		{7DE667B1-3498-4F5E-B008-F5E40ED18389}.Release|Any CPU.ActiveCfg = Release|Any CPU
		{7DE667B1-3498-4F5E-B008-F5E40ED18389}.Release|Any CPU.Build.0 = Release|Any CPU
		{4F771307-B81D-429D-9E44-D22FFF0B9D8B}.Debug|Any CPU.ActiveCfg = Debug|Any CPU
		{4F771307-B81D-429D-9E44-D22FFF0B9D8B}.Debug|Any CPU.Build.0 = Debug|Any CPU
		{4F771307-B81D-429D-9E44-D22FFF0B9D8B}.Release|Any CPU.ActiveCfg = Release|Any CPU
		{4F771307-B81D-429D-9E44-D22FFF0B9D8B}.Release|Any CPU.Build.0 = Release|Any CPU
		{0CF378C7-16EF-4FFD-A794-37D1EE6C0ECF}.Debug|Any CPU.ActiveCfg = Debug|Any CPU
		{0CF378C7-16EF-4FFD-A794-37D1EE6C0ECF}.Debug|Any CPU.Build.0 = Debug|Any CPU
		{0CF378C7-16EF-4FFD-A794-37D1EE6C0ECF}.Release|Any CPU.ActiveCfg = Release|Any CPU
		{0CF378C7-16EF-4FFD-A794-37D1EE6C0ECF}.Release|Any CPU.Build.0 = Release|Any CPU
	EndGlobalSection
	GlobalSection(SolutionProperties) = preSolution
		HideSolutionNode = FALSE
	EndGlobalSection
	GlobalSection(ExtensibilityGlobals) = postSolution
		SolutionGuid = {FF90CB79-C148-4D31-8508-4A887105B406}
	EndGlobalSection
EndGlobal
